// !$*UTF8*$!
{
	archiveVersion = 1;
	classes = {
	};
	objectVersion = 50;
	objects = {

/* Begin PBXBuildFile section */
		468601A42316DB6400DAED22 /* AppDelegate.swift in Sources */ = {isa = PBXBuildFile; fileRef = 468601A32316DB6400DAED22 /* AppDelegate.swift */; };
		468601A62316DB6400DAED22 /* ViewController.swift in Sources */ = {isa = PBXBuildFile; fileRef = 468601A52316DB6400DAED22 /* ViewController.swift */; };
		468601AB2316DB6500DAED22 /* Assets.xcassets in Resources */ = {isa = PBXBuildFile; fileRef = 468601AA2316DB6500DAED22 /* Assets.xcassets */; };
		468601AE2316DB6500DAED22 /* LaunchScreen.storyboard in Resources */ = {isa = PBXBuildFile; fileRef = 468601AC2316DB6500DAED22 /* LaunchScreen.storyboard */; };
		468601B92316DB6500DAED22 /* MarvelAPITests.swift in Sources */ = {isa = PBXBuildFile; fileRef = 468601B82316DB6500DAED22 /* MarvelAPITests.swift */; };
		468601C62316DEE100DAED22 /* APIRequest.swift in Sources */ = {isa = PBXBuildFile; fileRef = 468601C52316DEE100DAED22 /* APIRequest.swift */; };
		468601C82316E94E00DAED22 /* GetCharacters.swift in Sources */ = {isa = PBXBuildFile; fileRef = 468601C72316E94E00DAED22 /* GetCharacters.swift */; };
		468601CB2316E98400DAED22 /* ComicCharacters.swift in Sources */ = {isa = PBXBuildFile; fileRef = 468601CA2316E98400DAED22 /* ComicCharacters.swift */; };
		468601CD2316EDFE00DAED22 /* Image.swift in Sources */ = {isa = PBXBuildFile; fileRef = 468601CC2316EDFE00DAED22 /* Image.swift */; };
		468601D12316EF7500DAED22 /* MarvelError.swift in Sources */ = {isa = PBXBuildFile; fileRef = 468601D02316EF7500DAED22 /* MarvelError.swift */; };
		468601D3231825AE00DAED22 /* MarvelAPIClient.swift in Sources */ = {isa = PBXBuildFile; fileRef = 468601D2231825AE00DAED22 /* MarvelAPIClient.swift */; };
		468601D52318270100DAED22 /* MarvelResponse.swift in Sources */ = {isa = PBXBuildFile; fileRef = 468601D42318270100DAED22 /* MarvelResponse.swift */; };
		468601D82318339700DAED22 /* URLQueryItemEncoder.swift in Sources */ = {isa = PBXBuildFile; fileRef = 468601D72318339700DAED22 /* URLQueryItemEncoder.swift */; };
		468601DA231833D000DAED22 /* HTTPParameter.swift in Sources */ = {isa = PBXBuildFile; fileRef = 468601D9231833D000DAED22 /* HTTPParameter.swift */; };
		468601DC23184A9400DAED22 /* md5.swift in Sources */ = {isa = PBXBuildFile; fileRef = 468601DB23184A9400DAED22 /* md5.swift */; };
/* End PBXBuildFile section */

/* Begin PBXContainerItemProxy section */
		468601B52316DB6500DAED22 /* PBXContainerItemProxy */ = {
			isa = PBXContainerItemProxy;
			containerPortal = 468601982316DB6400DAED22 /* Project object */;
			proxyType = 1;
			remoteGlobalIDString = 4686019F2316DB6400DAED22;
			remoteInfo = MarvelAPI;
		};
/* End PBXContainerItemProxy section */

/* Begin PBXFileReference section */
		468601A02316DB6400DAED22 /* MarvelAPIResultType.app */ = {isa = PBXFileReference; explicitFileType = wrapper.application; includeInIndex = 0; path = MarvelAPIResultType.app; sourceTree = BUILT_PRODUCTS_DIR; };
		468601A32316DB6400DAED22 /* AppDelegate.swift */ = {isa = PBXFileReference; lastKnownFileType = sourcecode.swift; path = AppDelegate.swift; sourceTree = "<group>"; };
		468601A52316DB6400DAED22 /* ViewController.swift */ = {isa = PBXFileReference; lastKnownFileType = sourcecode.swift; path = ViewController.swift; sourceTree = "<group>"; };
		468601AA2316DB6500DAED22 /* Assets.xcassets */ = {isa = PBXFileReference; lastKnownFileType = folder.assetcatalog; path = Assets.xcassets; sourceTree = "<group>"; };
		468601AD2316DB6500DAED22 /* Base */ = {isa = PBXFileReference; lastKnownFileType = file.storyboard; name = Base; path = Base.lproj/LaunchScreen.storyboard; sourceTree = "<group>"; };
		468601AF2316DB6500DAED22 /* Info.plist */ = {isa = PBXFileReference; lastKnownFileType = text.plist.xml; path = Info.plist; sourceTree = "<group>"; };
		468601B42316DB6500DAED22 /* MarvelAPIResultTypeTests.xctest */ = {isa = PBXFileReference; explicitFileType = wrapper.cfbundle; includeInIndex = 0; path = MarvelAPIResultTypeTests.xctest; sourceTree = BUILT_PRODUCTS_DIR; };
		468601B82316DB6500DAED22 /* MarvelAPITests.swift */ = {isa = PBXFileReference; lastKnownFileType = sourcecode.swift; path = MarvelAPITests.swift; sourceTree = "<group>"; };
		468601BA2316DB6500DAED22 /* Info.plist */ = {isa = PBXFileReference; lastKnownFileType = text.plist.xml; path = Info.plist; sourceTree = "<group>"; };
		468601C52316DEE100DAED22 /* APIRequest.swift */ = {isa = PBXFileReference; lastKnownFileType = sourcecode.swift; path = APIRequest.swift; sourceTree = "<group>"; };
		468601C72316E94E00DAED22 /* GetCharacters.swift */ = {isa = PBXFileReference; lastKnownFileType = sourcecode.swift; path = GetCharacters.swift; sourceTree = "<group>"; };
		468601CA2316E98400DAED22 /* ComicCharacters.swift */ = {isa = PBXFileReference; lastKnownFileType = sourcecode.swift; path = ComicCharacters.swift; sourceTree = "<group>"; };
		468601CC2316EDFE00DAED22 /* Image.swift */ = {isa = PBXFileReference; lastKnownFileType = sourcecode.swift; path = Image.swift; sourceTree = "<group>"; };
		468601D02316EF7500DAED22 /* MarvelError.swift */ = {isa = PBXFileReference; lastKnownFileType = sourcecode.swift; path = MarvelError.swift; sourceTree = "<group>"; };
		468601D2231825AE00DAED22 /* MarvelAPIClient.swift */ = {isa = PBXFileReference; lastKnownFileType = sourcecode.swift; path = MarvelAPIClient.swift; sourceTree = "<group>"; };
		468601D42318270100DAED22 /* MarvelResponse.swift */ = {isa = PBXFileReference; lastKnownFileType = sourcecode.swift; path = MarvelResponse.swift; sourceTree = "<group>"; };
		468601D72318339700DAED22 /* URLQueryItemEncoder.swift */ = {isa = PBXFileReference; lastKnownFileType = sourcecode.swift; path = URLQueryItemEncoder.swift; sourceTree = "<group>"; };
		468601D9231833D000DAED22 /* HTTPParameter.swift */ = {isa = PBXFileReference; lastKnownFileType = sourcecode.swift; path = HTTPParameter.swift; sourceTree = "<group>"; };
		468601DB23184A9400DAED22 /* md5.swift */ = {isa = PBXFileReference; lastKnownFileType = sourcecode.swift; path = md5.swift; sourceTree = "<group>"; };
/* End PBXFileReference section */

/* Begin PBXFrameworksBuildPhase section */
		4686019D2316DB6400DAED22 /* Frameworks */ = {
			isa = PBXFrameworksBuildPhase;
			buildActionMask = 2147483647;
			files = (
			);
			runOnlyForDeploymentPostprocessing = 0;
		};
		468601B12316DB6500DAED22 /* Frameworks */ = {
			isa = PBXFrameworksBuildPhase;
			buildActionMask = 2147483647;
			files = (
			);
			runOnlyForDeploymentPostprocessing = 0;
		};
/* End PBXFrameworksBuildPhase section */

/* Begin PBXGroup section */
		468601972316DB6400DAED22 = {
			isa = PBXGroup;
			children = (
				468601A22316DB6400DAED22 /* MarvelAPI */,
				468601B72316DB6500DAED22 /* MarvelAPITests */,
				468601A12316DB6400DAED22 /* Products */,
			);
			sourceTree = "<group>";
		};
		468601A12316DB6400DAED22 /* Products */ = {
			isa = PBXGroup;
			children = (
				468601A02316DB6400DAED22 /* MarvelAPIResultType.app */,
				468601B42316DB6500DAED22 /* MarvelAPIResultTypeTests.xctest */,
			);
			name = Products;
			sourceTree = "<group>";
		};
		468601A22316DB6400DAED22 /* MarvelAPI */ = {
			isa = PBXGroup;
			children = (
				468601A32316DB6400DAED22 /* AppDelegate.swift */,
				468601C92316E95200DAED22 /* Model */,
				468601C32316DBBE00DAED22 /* Controller */,
				468601CE2316EF4700DAED22 /* Network */,
				468601C42316DBC600DAED22 /* Resources */,
			);
			path = MarvelAPI;
			sourceTree = "<group>";
		};
		468601B72316DB6500DAED22 /* MarvelAPITests */ = {
			isa = PBXGroup;
			children = (
				468601B82316DB6500DAED22 /* MarvelAPITests.swift */,
				468601BA2316DB6500DAED22 /* Info.plist */,
			);
			path = MarvelAPITests;
			sourceTree = "<group>";
		};
		468601C32316DBBE00DAED22 /* Controller */ = {
			isa = PBXGroup;
			children = (
				468601A52316DB6400DAED22 /* ViewController.swift */,
			);
			path = Controller;
			sourceTree = "<group>";
		};
		468601C42316DBC600DAED22 /* Resources */ = {
			isa = PBXGroup;
			children = (
				468601AA2316DB6500DAED22 /* Assets.xcassets */,
				468601AC2316DB6500DAED22 /* LaunchScreen.storyboard */,
				468601AF2316DB6500DAED22 /* Info.plist */,
			);
			path = Resources;
			sourceTree = "<group>";
		};
		468601C92316E95200DAED22 /* Model */ = {
			isa = PBXGroup;
			children = (
				468601CA2316E98400DAED22 /* ComicCharacters.swift */,
				468601CC2316EDFE00DAED22 /* Image.swift */,
			);
			path = Model;
			sourceTree = "<group>";
		};
		468601CE2316EF4700DAED22 /* Network */ = {
			isa = PBXGroup;
			children = (
				468601CF2316EF4F00DAED22 /* Request */,
				468601D62318336200DAED22 /* Utils */,
				468601C52316DEE100DAED22 /* APIRequest.swift */,
				468601D2231825AE00DAED22 /* MarvelAPIClient.swift */,
				468601D02316EF7500DAED22 /* MarvelError.swift */,
				468601D42318270100DAED22 /* MarvelResponse.swift */,
			);
			path = Network;
			sourceTree = "<group>";
		};
		468601CF2316EF4F00DAED22 /* Request */ = {
			isa = PBXGroup;
			children = (
				468601C72316E94E00DAED22 /* GetCharacters.swift */,
			);
			path = Request;
			sourceTree = "<group>";
		};
		468601D62318336200DAED22 /* Utils */ = {
			isa = PBXGroup;
			children = (
				468601D72318339700DAED22 /* URLQueryItemEncoder.swift */,
				468601D9231833D000DAED22 /* HTTPParameter.swift */,
				468601DB23184A9400DAED22 /* md5.swift */,
			);
			path = Utils;
			sourceTree = "<group>";
		};
/* End PBXGroup section */

/* Begin PBXNativeTarget section */
		4686019F2316DB6400DAED22 /* MarvelAPIResultType */ = {
			isa = PBXNativeTarget;
			buildConfigurationList = 468601BD2316DB6500DAED22 /* Build configuration list for PBXNativeTarget "MarvelAPIResultType" */;
			buildPhases = (
				4686019C2316DB6400DAED22 /* Sources */,
				4686019D2316DB6400DAED22 /* Frameworks */,
				4686019E2316DB6400DAED22 /* Resources */,
			);
			buildRules = (
			);
			dependencies = (
			);
			name = MarvelAPIResultType;
			productName = MarvelAPI;
			productReference = 468601A02316DB6400DAED22 /* MarvelAPIResultType.app */;
			productType = "com.apple.product-type.application";
		};
		468601B32316DB6500DAED22 /* MarvelAPIResultTypeTests */ = {
			isa = PBXNativeTarget;
			buildConfigurationList = 468601C02316DB6500DAED22 /* Build configuration list for PBXNativeTarget "MarvelAPIResultTypeTests" */;
			buildPhases = (
				468601B02316DB6500DAED22 /* Sources */,
				468601B12316DB6500DAED22 /* Frameworks */,
				468601B22316DB6500DAED22 /* Resources */,
			);
			buildRules = (
			);
			dependencies = (
				468601B62316DB6500DAED22 /* PBXTargetDependency */,
			);
			name = MarvelAPIResultTypeTests;
			productName = MarvelAPITests;
			productReference = 468601B42316DB6500DAED22 /* MarvelAPIResultTypeTests.xctest */;
			productType = "com.apple.product-type.bundle.unit-test";
		};
/* End PBXNativeTarget section */

/* Begin PBXProject section */
		468601982316DB6400DAED22 /* Project object */ = {
			isa = PBXProject;
			attributes = {
				LastSwiftUpdateCheck = 1030;
				LastUpgradeCheck = 1030;
				ORGANIZATIONNAME = "Bruno Silva";
				TargetAttributes = {
					4686019F2316DB6400DAED22 = {
						CreatedOnToolsVersion = 10.3;
					};
					468601B32316DB6500DAED22 = {
						CreatedOnToolsVersion = 10.3;
						TestTargetID = 4686019F2316DB6400DAED22;
					};
				};
			};
			buildConfigurationList = 4686019B2316DB6400DAED22 /* Build configuration list for PBXProject "MarvelAPIResultType" */;
			compatibilityVersion = "Xcode 9.3";
			developmentRegion = en;
			hasScannedForEncodings = 0;
			knownRegions = (
				en,
				Base,
			);
			mainGroup = 468601972316DB6400DAED22;
			productRefGroup = 468601A12316DB6400DAED22 /* Products */;
			projectDirPath = "";
			projectRoot = "";
			targets = (
				4686019F2316DB6400DAED22 /* MarvelAPIResultType */,
				468601B32316DB6500DAED22 /* MarvelAPIResultTypeTests */,
			);
		};
/* End PBXProject section */

/* Begin PBXResourcesBuildPhase section */
		4686019E2316DB6400DAED22 /* Resources */ = {
			isa = PBXResourcesBuildPhase;
			buildActionMask = 2147483647;
			files = (
				468601AE2316DB6500DAED22 /* LaunchScreen.storyboard in Resources */,
				468601AB2316DB6500DAED22 /* Assets.xcassets in Resources */,
			);
			runOnlyForDeploymentPostprocessing = 0;
		};
		468601B22316DB6500DAED22 /* Resources */ = {
			isa = PBXResourcesBuildPhase;
			buildActionMask = 2147483647;
			files = (
			);
			runOnlyForDeploymentPostprocessing = 0;
		};
/* End PBXResourcesBuildPhase section */

/* Begin PBXSourcesBuildPhase section */
		4686019C2316DB6400DAED22 /* Sources */ = {
			isa = PBXSourcesBuildPhase;
			buildActionMask = 2147483647;
			files = (
				468601D3231825AE00DAED22 /* MarvelAPIClient.swift in Sources */,
				468601A62316DB6400DAED22 /* ViewController.swift in Sources */,
				468601DA231833D000DAED22 /* HTTPParameter.swift in Sources */,
				468601CD2316EDFE00DAED22 /* Image.swift in Sources */,
				468601A42316DB6400DAED22 /* AppDelegate.swift in Sources */,
				468601C82316E94E00DAED22 /* GetCharacters.swift in Sources */,
				468601DC23184A9400DAED22 /* md5.swift in Sources */,
				468601C62316DEE100DAED22 /* APIRequest.swift in Sources */,
				468601CB2316E98400DAED22 /* ComicCharacters.swift in Sources */,
				468601D52318270100DAED22 /* MarvelResponse.swift in Sources */,
				468601D82318339700DAED22 /* URLQueryItemEncoder.swift in Sources */,
				468601D12316EF7500DAED22 /* MarvelError.swift in Sources */,
			);
			runOnlyForDeploymentPostprocessing = 0;
		};
		468601B02316DB6500DAED22 /* Sources */ = {
			isa = PBXSourcesBuildPhase;
			buildActionMask = 2147483647;
			files = (
				468601B92316DB6500DAED22 /* MarvelAPITests.swift in Sources */,
			);
			runOnlyForDeploymentPostprocessing = 0;
		};
/* End PBXSourcesBuildPhase section */

/* Begin PBXTargetDependency section */
		468601B62316DB6500DAED22 /* PBXTargetDependency */ = {
			isa = PBXTargetDependency;
			target = 4686019F2316DB6400DAED22 /* MarvelAPIResultType */;
			targetProxy = 468601B52316DB6500DAED22 /* PBXContainerItemProxy */;
		};
/* End PBXTargetDependency section */

/* Begin PBXVariantGroup section */
		468601AC2316DB6500DAED22 /* LaunchScreen.storyboard */ = {
			isa = PBXVariantGroup;
			children = (
				468601AD2316DB6500DAED22 /* Base */,
			);
			name = LaunchScreen.storyboard;
			sourceTree = "<group>";
		};
/* End PBXVariantGroup section */

/* Begin XCBuildConfiguration section */
		468601BB2316DB6500DAED22 /* Debug */ = {
			isa = XCBuildConfiguration;
			buildSettings = {
				ALWAYS_SEARCH_USER_PATHS = NO;
				CLANG_ANALYZER_NONNULL = YES;
				CLANG_ANALYZER_NUMBER_OBJECT_CONVERSION = YES_AGGRESSIVE;
				CLANG_CXX_LANGUAGE_STANDARD = "gnu++14";
				CLANG_CXX_LIBRARY = "libc++";
				CLANG_ENABLE_MODULES = YES;
				CLANG_ENABLE_OBJC_ARC = YES;
				CLANG_ENABLE_OBJC_WEAK = YES;
				CLANG_WARN_BLOCK_CAPTURE_AUTORELEASING = YES;
				CLANG_WARN_BOOL_CONVERSION = YES;
				CLANG_WARN_COMMA = YES;
				CLANG_WARN_CONSTANT_CONVERSION = YES;
				CLANG_WARN_DEPRECATED_OBJC_IMPLEMENTATIONS = YES;
				CLANG_WARN_DIRECT_OBJC_ISA_USAGE = YES_ERROR;
				CLANG_WARN_DOCUMENTATION_COMMENTS = YES;
				CLANG_WARN_EMPTY_BODY = YES;
				CLANG_WARN_ENUM_CONVERSION = YES;
				CLANG_WARN_INFINITE_RECURSION = YES;
				CLANG_WARN_INT_CONVERSION = YES;
				CLANG_WARN_NON_LITERAL_NULL_CONVERSION = YES;
				CLANG_WARN_OBJC_IMPLICIT_RETAIN_SELF = YES;
				CLANG_WARN_OBJC_LITERAL_CONVERSION = YES;
				CLANG_WARN_OBJC_ROOT_CLASS = YES_ERROR;
				CLANG_WARN_RANGE_LOOP_ANALYSIS = YES;
				CLANG_WARN_STRICT_PROTOTYPES = YES;
				CLANG_WARN_SUSPICIOUS_MOVE = YES;
				CLANG_WARN_UNGUARDED_AVAILABILITY = YES_AGGRESSIVE;
				CLANG_WARN_UNREACHABLE_CODE = YES;
				CLANG_WARN__DUPLICATE_METHOD_MATCH = YES;
				CODE_SIGN_IDENTITY = "iPhone Developer";
				COPY_PHASE_STRIP = NO;
				DEBUG_INFORMATION_FORMAT = dwarf;
				ENABLE_STRICT_OBJC_MSGSEND = YES;
				ENABLE_TESTABILITY = YES;
				GCC_C_LANGUAGE_STANDARD = gnu11;
				GCC_DYNAMIC_NO_PIC = NO;
				GCC_NO_COMMON_BLOCKS = YES;
				GCC_OPTIMIZATION_LEVEL = 0;
				GCC_PREPROCESSOR_DEFINITIONS = (
					"DEBUG=1",
					"$(inherited)",
				);
				GCC_WARN_64_TO_32_BIT_CONVERSION = YES;
				GCC_WARN_ABOUT_RETURN_TYPE = YES_ERROR;
				GCC_WARN_UNDECLARED_SELECTOR = YES;
				GCC_WARN_UNINITIALIZED_AUTOS = YES_AGGRESSIVE;
				GCC_WARN_UNUSED_FUNCTION = YES;
				GCC_WARN_UNUSED_VARIABLE = YES;
				IPHONEOS_DEPLOYMENT_TARGET = 12.4;
				MTL_ENABLE_DEBUG_INFO = INCLUDE_SOURCE;
				MTL_FAST_MATH = YES;
				ONLY_ACTIVE_ARCH = YES;
				SDKROOT = iphoneos;
				SWIFT_ACTIVE_COMPILATION_CONDITIONS = DEBUG;
				SWIFT_OPTIMIZATION_LEVEL = "-Onone";
			};
			name = Debug;
		};
		468601BC2316DB6500DAED22 /* Release */ = {
			isa = XCBuildConfiguration;
			buildSettings = {
				ALWAYS_SEARCH_USER_PATHS = NO;
				CLANG_ANALYZER_NONNULL = YES;
				CLANG_ANALYZER_NUMBER_OBJECT_CONVERSION = YES_AGGRESSIVE;
				CLANG_CXX_LANGUAGE_STANDARD = "gnu++14";
				CLANG_CXX_LIBRARY = "libc++";
				CLANG_ENABLE_MODULES = YES;
				CLANG_ENABLE_OBJC_ARC = YES;
				CLANG_ENABLE_OBJC_WEAK = YES;
				CLANG_WARN_BLOCK_CAPTURE_AUTORELEASING = YES;
				CLANG_WARN_BOOL_CONVERSION = YES;
				CLANG_WARN_COMMA = YES;
				CLANG_WARN_CONSTANT_CONVERSION = YES;
				CLANG_WARN_DEPRECATED_OBJC_IMPLEMENTATIONS = YES;
				CLANG_WARN_DIRECT_OBJC_ISA_USAGE = YES_ERROR;
				CLANG_WARN_DOCUMENTATION_COMMENTS = YES;
				CLANG_WARN_EMPTY_BODY = YES;
				CLANG_WARN_ENUM_CONVERSION = YES;
				CLANG_WARN_INFINITE_RECURSION = YES;
				CLANG_WARN_INT_CONVERSION = YES;
				CLANG_WARN_NON_LITERAL_NULL_CONVERSION = YES;
				CLANG_WARN_OBJC_IMPLICIT_RETAIN_SELF = YES;
				CLANG_WARN_OBJC_LITERAL_CONVERSION = YES;
				CLANG_WARN_OBJC_ROOT_CLASS = YES_ERROR;
				CLANG_WARN_RANGE_LOOP_ANALYSIS = YES;
				CLANG_WARN_STRICT_PROTOTYPES = YES;
				CLANG_WARN_SUSPICIOUS_MOVE = YES;
				CLANG_WARN_UNGUARDED_AVAILABILITY = YES_AGGRESSIVE;
				CLANG_WARN_UNREACHABLE_CODE = YES;
				CLANG_WARN__DUPLICATE_METHOD_MATCH = YES;
				CODE_SIGN_IDENTITY = "iPhone Developer";
				COPY_PHASE_STRIP = NO;
				DEBUG_INFORMATION_FORMAT = "dwarf-with-dsym";
				ENABLE_NS_ASSERTIONS = NO;
				ENABLE_STRICT_OBJC_MSGSEND = YES;
				GCC_C_LANGUAGE_STANDARD = gnu11;
				GCC_NO_COMMON_BLOCKS = YES;
				GCC_WARN_64_TO_32_BIT_CONVERSION = YES;
				GCC_WARN_ABOUT_RETURN_TYPE = YES_ERROR;
				GCC_WARN_UNDECLARED_SELECTOR = YES;
				GCC_WARN_UNINITIALIZED_AUTOS = YES_AGGRESSIVE;
				GCC_WARN_UNUSED_FUNCTION = YES;
				GCC_WARN_UNUSED_VARIABLE = YES;
				IPHONEOS_DEPLOYMENT_TARGET = 12.4;
				MTL_ENABLE_DEBUG_INFO = NO;
				MTL_FAST_MATH = YES;
				SDKROOT = iphoneos;
				SWIFT_COMPILATION_MODE = wholemodule;
				SWIFT_OPTIMIZATION_LEVEL = "-O";
				VALIDATE_PRODUCT = YES;
			};
			name = Release;
		};
		468601BE2316DB6500DAED22 /* Debug */ = {
			isa = XCBuildConfiguration;
			buildSettings = {
				ASSETCATALOG_COMPILER_APPICON_NAME = AppIcon;
				CODE_SIGN_STYLE = Automatic;
				DEVELOPMENT_TEAM = CEWUHN7W92;
				INFOPLIST_FILE = MarvelAPI/Resources/Info.plist;
				LD_RUNPATH_SEARCH_PATHS = (
					"$(inherited)",
					"@executable_path/Frameworks",
				);
				PRODUCT_BUNDLE_IDENTIFIER = "com.bruno-silva.MarvelAPI";
				PRODUCT_NAME = "$(TARGET_NAME)";
				SWIFT_VERSION = 5.0;
				TARGETED_DEVICE_FAMILY = "1,2";
			};
			name = Debug;
		};
		468601BF2316DB6500DAED22 /* Release */ = {
			isa = XCBuildConfiguration;
			buildSettings = {
				ASSETCATALOG_COMPILER_APPICON_NAME = AppIcon;
				CODE_SIGN_STYLE = Automatic;
				DEVELOPMENT_TEAM = CEWUHN7W92;
				INFOPLIST_FILE = MarvelAPI/Resources/Info.plist;
				LD_RUNPATH_SEARCH_PATHS = (
					"$(inherited)",
					"@executable_path/Frameworks",
				);
				PRODUCT_BUNDLE_IDENTIFIER = "com.bruno-silva.MarvelAPI";
				PRODUCT_NAME = "$(TARGET_NAME)";
				SWIFT_VERSION = 5.0;
				TARGETED_DEVICE_FAMILY = "1,2";
			};
			name = Release;
		};
		468601C12316DB6500DAED22 /* Debug */ = {
			isa = XCBuildConfiguration;
			buildSettings = {
				ALWAYS_EMBED_SWIFT_STANDARD_LIBRARIES = YES;
				BUNDLE_LOADER = "$(TEST_HOST)";
				CODE_SIGN_STYLE = Automatic;
				DEVELOPMENT_TEAM = CEWUHN7W92;
				INFOPLIST_FILE = MarvelAPITests/Info.plist;
				LD_RUNPATH_SEARCH_PATHS = (
					"$(inherited)",
					"@executable_path/Frameworks",
					"@loader_path/Frameworks",
				);
				PRODUCT_BUNDLE_IDENTIFIER = "com.bruno-silva.MarvelAPITests";
				PRODUCT_NAME = "$(TARGET_NAME)";
				SWIFT_VERSION = 5.0;
				TARGETED_DEVICE_FAMILY = "1,2";
				TEST_HOST = "$(BUILT_PRODUCTS_DIR)/MarvelAPIResultType.app/MarvelAPIResultType";
			};
			name = Debug;
		};
		468601C22316DB6500DAED22 /* Release */ = {
			isa = XCBuildConfiguration;
			buildSettings = {
				ALWAYS_EMBED_SWIFT_STANDARD_LIBRARIES = YES;
				BUNDLE_LOADER = "$(TEST_HOST)";
				CODE_SIGN_STYLE = Automatic;
				DEVELOPMENT_TEAM = CEWUHN7W92;
				INFOPLIST_FILE = MarvelAPITests/Info.plist;
				LD_RUNPATH_SEARCH_PATHS = (
					"$(inherited)",
					"@executable_path/Frameworks",
					"@loader_path/Frameworks",
				);
				PRODUCT_BUNDLE_IDENTIFIER = "com.bruno-silva.MarvelAPITests";
				PRODUCT_NAME = "$(TARGET_NAME)";
				SWIFT_VERSION = 5.0;
				TARGETED_DEVICE_FAMILY = "1,2";
				TEST_HOST = "$(BUILT_PRODUCTS_DIR)/MarvelAPIResultType.app/MarvelAPIResultType";
			};
			name = Release;
		};
/* End XCBuildConfiguration section */

/* Begin XCConfigurationList section */
		4686019B2316DB6400DAED22 /* Build configuration list for PBXProject "MarvelAPIResultType" */ = {
			isa = XCConfigurationList;
			buildConfigurations = (
				468601BB2316DB6500DAED22 /* Debug */,
				468601BC2316DB6500DAED22 /* Release */,
			);
			defaultConfigurationIsVisible = 0;
			defaultConfigurationName = Release;
		};
		468601BD2316DB6500DAED22 /* Build configuration list for PBXNativeTarget "MarvelAPIResultType" */ = {
			isa = XCConfigurationList;
			buildConfigurations = (
				468601BE2316DB6500DAED22 /* Debug */,
				468601BF2316DB6500DAED22 /* Release */,
			);
			defaultConfigurationIsVisible = 0;
			defaultConfigurationName = Release;
		};
		468601C02316DB6500DAED22 /* Build configuration list for PBXNativeTarget "MarvelAPIResultTypeTests" */ = {
			isa = XCConfigurationList;
			buildConfigurations = (
				468601C12316DB6500DAED22 /* Debug */,
				468601C22316DB6500DAED22 /* Release */,
			);
			defaultConfigurationIsVisible = 0;
			defaultConfigurationName = Release;
		};
/* End XCConfigurationList section */
	};
	rootObject = 468601982316DB6400DAED22 /* Project object */;
}
